
Microsoft Visual Studio Solution File, Format Version 12.00
# Visual Studio Version 17
VisualStudioVersion = 17.9.34902.65
MinimumVisualStudioVersion = 10.0.40219.1
Project("{FAE04EC0-301F-11D3-BF4B-00C04F79EFBC}") = "C#ColorPicker", "C#ColorPicker.csproj", "{BEAFA873-DD4D-4D5B-B1D8-8BBF6B8C747F}"
EndProject
Global
	GlobalSection(SolutionConfigurationPlatforms) = preSolution
		Debug|Any CPU = Debug|Any CPU
		Release|Any CPU = Release|Any CPU
	EndGlobalSection
	GlobalSection(ProjectConfigurationPlatforms) = postSolution
		{BEAFA873-DD4D-4D5B-B1D8-8BBF6B8C747F}.Debug|Any CPU.ActiveCfg = Debug|Any CPU
		{BEAFA873-DD4D-4D5B-B1D8-8BBF6B8C747F}.Debug|Any CPU.Build.0 = Debug|Any CPU
		{BEAFA873-DD4D-4D5B-B1D8-8BBF6B8C747F}.Release|Any CPU.ActiveCfg = Release|Any CPU
		{BEAFA873-DD4D-4D5B-B1D8-8BBF6B8C747F}.Release|Any CPU.Build.0 = Release|Any CPU
	EndGlobalSection
	GlobalSection(SolutionProperties) = preSolution
		HideSolutionNode = FALSE
	EndGlobalSection
	GlobalSection(ExtensibilityGlobals) = postSolution
		SolutionGuid = {11D1CE5C-4239-4B21-AA9E-0C28BFE214C1}
	EndGlobalSection
EndGlobal
